
Microsoft Visual Studio Solution File, Format Version 12.00
# Visual Studio Version 16
VisualStudioVersion = 16.0.30907.101
MinimumVisualStudioVersion = 10.0.40219.1
Project("{FAE04EC0-301F-11D3-BF4B-00C04F79EFBC}") = "EventHub", "EventHub\EventHub.csproj", "{EAFE7B17-7C60-4F45-A232-5C9C91D18AE7}"
EndProject
Project("{FAE04EC0-301F-11D3-BF4B-00C04F79EFBC}") = "EventHub.Tests", "EventHub.Tests\EventHub.Tests.csproj", "{9206B89F-4C94-4DEC-BB95-A85D7C16F9A9}"
EndProject
Global
	GlobalSection(SolutionConfigurationPlatforms) = preSolution
		Debug|Any CPU = Debug|Any CPU
		Release|Any CPU = Release|Any CPU
	EndGlobalSection
	GlobalSection(ProjectConfigurationPlatforms) = postSolution
		{EAFE7B17-7C60-4F45-A232-5C9C91D18AE7}.Debug|Any CPU.ActiveCfg = Debug|Any CPU
		{EAFE7B17-7C60-4F45-A232-5C9C91D18AE7}.Debug|Any CPU.Build.0 = Debug|Any CPU
		{EAFE7B17-7C60-4F45-A232-5C9C91D18AE7}.Release|Any CPU.ActiveCfg = Release|Any CPU
		{EAFE7B17-7C60-4F45-A232-5C9C91D18AE7}.Release|Any CPU.Build.0 = Release|Any CPU
		{9206B89F-4C94-4DEC-BB95-A85D7C16F9A9}.Debug|Any CPU.ActiveCfg = Debug|Any CPU
		{9206B89F-4C94-4DEC-BB95-A85D7C16F9A9}.Debug|Any CPU.Build.0 = Debug|Any CPU
		{9206B89F-4C94-4DEC-BB95-A85D7C16F9A9}.Release|Any CPU.ActiveCfg = Release|Any CPU
		{9206B89F-4C94-4DEC-BB95-A85D7C16F9A9}.Release|Any CPU.Build.0 = Release|Any CPU
	EndGlobalSection
	GlobalSection(SolutionProperties) = preSolution
		HideSolutionNode = FALSE
	EndGlobalSection
	GlobalSection(ExtensibilityGlobals) = postSolution
		SolutionGuid = {EBFA2600-A635-4285-833C-69885B9732C7}
	EndGlobalSection
EndGlobal
